
Microsoft Visual Studio Solution File, Format Version 12.00
# Visual Studio Version 17
VisualStudioVersion = 17.8.34330.188
MinimumVisualStudioVersion = 10.0.40219.1
Project("{FAE04EC0-301F-11D3-BF4B-00C04F79EFBC}") = "BackTechnicalTest", "BackTechnicalTest.csproj", "{5D50E363-C1B4-4E3F-9DB6-55FFAF88FA41}"
EndProject
Project("{2150E333-8FDC-42A3-9474-1A3956D46DE8}") = "Domain", "Domain", "{EC5683D5-397B-4A1B-A765-2A2EF61E2D95}"
EndProject
Project("{2150E333-8FDC-42A3-9474-1A3956D46DE8}") = "Infrastructure", "Infrastructure", "{B9DC21AA-5D54-45C3-B89C-F7992E57260F}"
EndProject
Project("{FAE04EC0-301F-11D3-BF4B-00C04F79EFBC}") = "BackTechnicalTest.Infrastructure", "..\BackTechnicalTest.Infrastructure\BackTechnicalTest.Infrastructure.csproj", "{4A66087A-BE34-4342-9486-1CD8CBAA272D}"
EndProject
Project("{FAE04EC0-301F-11D3-BF4B-00C04F79EFBC}") = "BackTechnicalTest.Domain", "..\BackTechnicalTest.Domain\BackTechnicalTest.Domain.csproj", "{94E99D88-8487-41B9-A48D-014A9FD4F0C5}"
EndProject
Global
	GlobalSection(SolutionConfigurationPlatforms) = preSolution
		Debug|Any CPU = Debug|Any CPU
		Release|Any CPU = Release|Any CPU
	EndGlobalSection
	GlobalSection(ProjectConfigurationPlatforms) = postSolution
		{5D50E363-C1B4-4E3F-9DB6-55FFAF88FA41}.Debug|Any CPU.ActiveCfg = Debug|Any CPU
		{5D50E363-C1B4-4E3F-9DB6-55FFAF88FA41}.Debug|Any CPU.Build.0 = Debug|Any CPU
		{5D50E363-C1B4-4E3F-9DB6-55FFAF88FA41}.Release|Any CPU.ActiveCfg = Release|Any CPU
		{5D50E363-C1B4-4E3F-9DB6-55FFAF88FA41}.Release|Any CPU.Build.0 = Release|Any CPU
		{4A66087A-BE34-4342-9486-1CD8CBAA272D}.Debug|Any CPU.ActiveCfg = Debug|Any CPU
		{4A66087A-BE34-4342-9486-1CD8CBAA272D}.Debug|Any CPU.Build.0 = Debug|Any CPU
		{4A66087A-BE34-4342-9486-1CD8CBAA272D}.Release|Any CPU.ActiveCfg = Release|Any CPU
		{4A66087A-BE34-4342-9486-1CD8CBAA272D}.Release|Any CPU.Build.0 = Release|Any CPU
		{94E99D88-8487-41B9-A48D-014A9FD4F0C5}.Debug|Any CPU.ActiveCfg = Debug|Any CPU
		{94E99D88-8487-41B9-A48D-014A9FD4F0C5}.Debug|Any CPU.Build.0 = Debug|Any CPU
		{94E99D88-8487-41B9-A48D-014A9FD4F0C5}.Release|Any CPU.ActiveCfg = Release|Any CPU
		{94E99D88-8487-41B9-A48D-014A9FD4F0C5}.Release|Any CPU.Build.0 = Release|Any CPU
	EndGlobalSection
	GlobalSection(SolutionProperties) = preSolution
		HideSolutionNode = FALSE
	EndGlobalSection
	GlobalSection(NestedProjects) = preSolution
		{4A66087A-BE34-4342-9486-1CD8CBAA272D} = {B9DC21AA-5D54-45C3-B89C-F7992E57260F}
		{94E99D88-8487-41B9-A48D-014A9FD4F0C5} = {EC5683D5-397B-4A1B-A765-2A2EF61E2D95}
	EndGlobalSection
	GlobalSection(ExtensibilityGlobals) = postSolution
		SolutionGuid = {8D4DFE8A-70F5-429A-9999-E61CDEF66327}
	EndGlobalSection
EndGlobal
